name: bootstrap-lock

on:
  push:
    branches: ["feat/mvp"]
  pull_request:
    branches: ["main"]
  workflow_dispatch:

permissions:
  contents: read

jobs:
  bootstrap:
    runs-on: ubuntu-latest
    steps:
      - uses: actions/checkout@v4
      - uses: actions/setup-node@v4
        with:
          node-version: 22
      - name: Generate lockfile
        run: npm install --package-lock-only --ignore-scripts
      - name: Upload lockfile
        uses: actions/upload-artifact@v4
        with:
          name: package-lock
          path: package-lock.json
      - name: Install dependencies
        run: npm install
      - name: Compile contracts
        run: npx hardhat build
      - name: Run contract tests
        run: npx hardhat test nodejs
